
Microsoft Visual Studio Solution File, Format Version 12.00
# Visual Studio Version 17
VisualStudioVersion = 17.8.34525.116
MinimumVisualStudioVersion = 10.0.40219.1
Project("{FAE04EC0-301F-11D3-BF4B-00C04F79EFBC}") = "Lecture5_HW", "Lecture5_HW\Lecture5_HW.csproj", "{7D459CA9-BBFB-4638-A41A-44069F6C91D9}"
EndProject
Global
	GlobalSection(SolutionConfigurationPlatforms) = preSolution
		Debug|Any CPU = Debug|Any CPU
		Release|Any CPU = Release|Any CPU
	EndGlobalSection
	GlobalSection(ProjectConfigurationPlatforms) = postSolution
		{7D459CA9-BBFB-4638-A41A-44069F6C91D9}.Debug|Any CPU.ActiveCfg = Debug|Any CPU
		{7D459CA9-BBFB-4638-A41A-44069F6C91D9}.Debug|Any CPU.Build.0 = Debug|Any CPU
		{7D459CA9-BBFB-4638-A41A-44069F6C91D9}.Release|Any CPU.ActiveCfg = Release|Any CPU
		{7D459CA9-BBFB-4638-A41A-44069F6C91D9}.Release|Any CPU.Build.0 = Release|Any CPU
	EndGlobalSection
	GlobalSection(SolutionProperties) = preSolution
		HideSolutionNode = FALSE
	EndGlobalSection
	GlobalSection(ExtensibilityGlobals) = postSolution
		SolutionGuid = {9AD02281-297E-4A75-BAC8-B533B25B7A09}
	EndGlobalSection
EndGlobal
